
Microsoft Visual Studio Solution File, Format Version 12.00
# Visual Studio Version 17
VisualStudioVersion = 17.11.35312.102
MinimumVisualStudioVersion = 10.0.40219.1
Project("{FAE04EC0-301F-11D3-BF4B-00C04F79EFBC}") = "MoneyFlow", "MoneyFlow\MoneyFlow.csproj", "{4911A95B-4A73-43C0-A1D7-0EA7C6340162}"
EndProject
Global
	GlobalSection(SolutionConfigurationPlatforms) = preSolution
		Debug|Any CPU = Debug|Any CPU
		Release|Any CPU = Release|Any CPU
	EndGlobalSection
	GlobalSection(ProjectConfigurationPlatforms) = postSolution
		{4911A95B-4A73-43C0-A1D7-0EA7C6340162}.Debug|Any CPU.ActiveCfg = Debug|Any CPU
		{4911A95B-4A73-43C0-A1D7-0EA7C6340162}.Debug|Any CPU.Build.0 = Debug|Any CPU
		{4911A95B-4A73-43C0-A1D7-0EA7C6340162}.Release|Any CPU.ActiveCfg = Release|Any CPU
		{4911A95B-4A73-43C0-A1D7-0EA7C6340162}.Release|Any CPU.Build.0 = Release|Any CPU
	EndGlobalSection
	GlobalSection(SolutionProperties) = preSolution
		HideSolutionNode = FALSE
	EndGlobalSection
	GlobalSection(ExtensibilityGlobals) = postSolution
		SolutionGuid = {68506C94-B996-47D8-A2FE-518215935B9D}
	EndGlobalSection
EndGlobal
